
Microsoft Visual Studio Solution File, Format Version 12.00
# Visual Studio Version 17
VisualStudioVersion = 17.3.32819.101
MinimumVisualStudioVersion = 10.0.40219.1
Project("{FAE04EC0-301F-11D3-BF4B-00C04F79EFBC}") = "Array Half Length Search", "Array Half Length Search\Array Half Length Search.csproj", "{4BA0AEE8-B928-42FE-B938-DD2F29CD40EE}"
EndProject
Global
	GlobalSection(SolutionConfigurationPlatforms) = preSolution
		Debug|Any CPU = Debug|Any CPU
		Release|Any CPU = Release|Any CPU
	EndGlobalSection
	GlobalSection(ProjectConfigurationPlatforms) = postSolution
		{4BA0AEE8-B928-42FE-B938-DD2F29CD40EE}.Debug|Any CPU.ActiveCfg = Debug|Any CPU
		{4BA0AEE8-B928-42FE-B938-DD2F29CD40EE}.Debug|Any CPU.Build.0 = Debug|Any CPU
		{4BA0AEE8-B928-42FE-B938-DD2F29CD40EE}.Release|Any CPU.ActiveCfg = Release|Any CPU
		{4BA0AEE8-B928-42FE-B938-DD2F29CD40EE}.Release|Any CPU.Build.0 = Release|Any CPU
	EndGlobalSection
	GlobalSection(SolutionProperties) = preSolution
		HideSolutionNode = FALSE
	EndGlobalSection
	GlobalSection(ExtensibilityGlobals) = postSolution
		SolutionGuid = {E2D89D68-96DD-48B2-80FD-885D755949AC}
	EndGlobalSection
EndGlobal
